{
  "name": "taitgh_newsletter_follow",
  "lockfileVersion": 2,
  "requires": true,
  "packages": {
    "": {
      "dependencies": {
        "bigger-picture": "^1.1.6"
      }
    },
    "node_modules/bigger-picture": {
      "version": "1.1.6",
      "resolved": "https://registry.npmjs.org/bigger-picture/-/bigger-picture-1.1.6.tgz",
      "integrity": "sha512-mUuc85BOT9Hu0r4WxScw4oqCULrJKcnEkH4OofB+evm2znGw+F5tuorWDA7Ah2ZuVwktv9zooovnkSjG9OVQ8w=="
    }
  },
  "dependencies": {
    "bigger-picture": {
      "version": "1.1.6",
      "resolved": "https://registry.npmjs.org/bigger-picture/-/bigger-picture-1.1.6.tgz",
      "integrity": "sha512-mUuc85BOT9Hu0r4WxScw4oqCULrJKcnEkH4OofB+evm2znGw+F5tuorWDA7Ah2ZuVwktv9zooovnkSjG9OVQ8w=="
    }
  }
}
